
Microsoft Visual Studio Solution File, Format Version 12.00
# Visual Studio Version 17
VisualStudioVersion = 17.5.33502.453
MinimumVisualStudioVersion = 10.0.40219.1
Project("{FAE04EC0-301F-11D3-BF4B-00C04F79EFBC}") = "hw2task1", "hw2task1.csproj", "{8DE1CFAA-F3FE-40B8-A972-CDBF9A87D31F}"
EndProject
Project("{FAE04EC0-301F-11D3-BF4B-00C04F79EFBC}") = "hw2task1.Tests", "..\hw2task1.Tests\hw2task1.Tests.csproj", "{C41D0DC3-2C34-4A63-991B-A8E26B6443B6}"
EndProject
Project("{2150E333-8FDC-42A3-9474-1A3956D46DE8}") = "Solution Items", "Solution Items", "{F9E4235A-84C0-4C98-978F-9AE7025C9CD7}"
EndProject
Global
	GlobalSection(SolutionConfigurationPlatforms) = preSolution
		Debug|Any CPU = Debug|Any CPU
		Release|Any CPU = Release|Any CPU
	EndGlobalSection
	GlobalSection(ProjectConfigurationPlatforms) = postSolution
		{8DE1CFAA-F3FE-40B8-A972-CDBF9A87D31F}.Debug|Any CPU.ActiveCfg = Debug|Any CPU
		{8DE1CFAA-F3FE-40B8-A972-CDBF9A87D31F}.Debug|Any CPU.Build.0 = Debug|Any CPU
		{8DE1CFAA-F3FE-40B8-A972-CDBF9A87D31F}.Release|Any CPU.ActiveCfg = Release|Any CPU
		{8DE1CFAA-F3FE-40B8-A972-CDBF9A87D31F}.Release|Any CPU.Build.0 = Release|Any CPU
		{C41D0DC3-2C34-4A63-991B-A8E26B6443B6}.Debug|Any CPU.ActiveCfg = Debug|Any CPU
		{C41D0DC3-2C34-4A63-991B-A8E26B6443B6}.Debug|Any CPU.Build.0 = Debug|Any CPU
		{C41D0DC3-2C34-4A63-991B-A8E26B6443B6}.Release|Any CPU.ActiveCfg = Release|Any CPU
		{C41D0DC3-2C34-4A63-991B-A8E26B6443B6}.Release|Any CPU.Build.0 = Release|Any CPU
	EndGlobalSection
	GlobalSection(SolutionProperties) = preSolution
		HideSolutionNode = FALSE
	EndGlobalSection
	GlobalSection(ExtensibilityGlobals) = postSolution
		SolutionGuid = {0EBAB736-99D7-412C-B2F8-52E340CC29EE}
	EndGlobalSection
EndGlobal
