
Microsoft Visual Studio Solution File, Format Version 12.00
# Visual Studio Version 17
VisualStudioVersion = 17.5.33502.453
MinimumVisualStudioVersion = 10.0.40219.1
Project("{9A19103F-16F7-4668-BE54-9A1E7A4F7556}") = "hw2task1", "hw2task1\hw2task1.csproj", "{47F8D292-A6FC-48B8-AA39-F40B38F7F831}"
EndProject
Project("{9A19103F-16F7-4668-BE54-9A1E7A4F7556}") = "hw2task1.Tests", "hw2task1.Tests\hw2task1.Tests.csproj", "{7EF3403C-8F25-48D3-8268-14F6D008FF15}"
EndProject
Global
	GlobalSection(SolutionConfigurationPlatforms) = preSolution
		Debug|Any CPU = Debug|Any CPU
		Release|Any CPU = Release|Any CPU
	EndGlobalSection
	GlobalSection(ProjectConfigurationPlatforms) = postSolution
		{47F8D292-A6FC-48B8-AA39-F40B38F7F831}.Debug|Any CPU.ActiveCfg = Debug|Any CPU
		{47F8D292-A6FC-48B8-AA39-F40B38F7F831}.Debug|Any CPU.Build.0 = Debug|Any CPU
		{47F8D292-A6FC-48B8-AA39-F40B38F7F831}.Release|Any CPU.ActiveCfg = Release|Any CPU
		{47F8D292-A6FC-48B8-AA39-F40B38F7F831}.Release|Any CPU.Build.0 = Release|Any CPU
		{7EF3403C-8F25-48D3-8268-14F6D008FF15}.Debug|Any CPU.ActiveCfg = Debug|Any CPU
		{7EF3403C-8F25-48D3-8268-14F6D008FF15}.Debug|Any CPU.Build.0 = Debug|Any CPU
		{7EF3403C-8F25-48D3-8268-14F6D008FF15}.Release|Any CPU.ActiveCfg = Release|Any CPU
		{7EF3403C-8F25-48D3-8268-14F6D008FF15}.Release|Any CPU.Build.0 = Release|Any CPU
	EndGlobalSection
	GlobalSection(SolutionProperties) = preSolution
		HideSolutionNode = FALSE
	EndGlobalSection
	GlobalSection(ExtensibilityGlobals) = postSolution
		SolutionGuid = {0EBAB736-99D7-412C-B2F8-52E340CC29EE}
	EndGlobalSection
EndGlobal
