
Microsoft Visual Studio Solution File, Format Version 12.00
# Visual Studio Version 17
VisualStudioVersion = 17.5.33502.453
MinimumVisualStudioVersion = 10.0.40219.1
Project("{FAE04EC0-301F-11D3-BF4B-00C04F79EFBC}") = "hw3task2", "hw3task2\hw3task2.csproj", "{FB2F9455-B968-4624-BC23-8F31806ACC89}"
EndProject
Global
	GlobalSection(SolutionConfigurationPlatforms) = preSolution
		Debug|Any CPU = Debug|Any CPU
		Release|Any CPU = Release|Any CPU
	EndGlobalSection
	GlobalSection(ProjectConfigurationPlatforms) = postSolution
		{FB2F9455-B968-4624-BC23-8F31806ACC89}.Debug|Any CPU.ActiveCfg = Debug|Any CPU
		{FB2F9455-B968-4624-BC23-8F31806ACC89}.Debug|Any CPU.Build.0 = Debug|Any CPU
		{FB2F9455-B968-4624-BC23-8F31806ACC89}.Release|Any CPU.ActiveCfg = Release|Any CPU
		{FB2F9455-B968-4624-BC23-8F31806ACC89}.Release|Any CPU.Build.0 = Release|Any CPU
	EndGlobalSection
	GlobalSection(SolutionProperties) = preSolution
		HideSolutionNode = FALSE
	EndGlobalSection
	GlobalSection(ExtensibilityGlobals) = postSolution
		SolutionGuid = {41ECFA86-BC3A-4706-B393-CE31818D4315}
	EndGlobalSection
EndGlobal
