
Microsoft Visual Studio Solution File, Format Version 12.00
# Visual Studio Version 17
VisualStudioVersion = 17.5.33502.453
MinimumVisualStudioVersion = 10.0.40219.1
Project("{9A19103F-16F7-4668-BE54-9A1E7A4F7556}") = "SkipList", "SkipList\SkipList.csproj", "{52313046-E30C-4ABD-B1B4-1A7CB7F86D01}"
EndProject
Project("{FAE04EC0-301F-11D3-BF4B-00C04F79EFBC}") = "SkipList.Tests", "SkipListTests\SkipList.Tests.csproj", "{C079E95B-FD8A-41CA-AD6F-01B2BD658B67}"
EndProject
Global
	GlobalSection(SolutionConfigurationPlatforms) = preSolution
		Debug|Any CPU = Debug|Any CPU
		Release|Any CPU = Release|Any CPU
	EndGlobalSection
	GlobalSection(ProjectConfigurationPlatforms) = postSolution
		{52313046-E30C-4ABD-B1B4-1A7CB7F86D01}.Debug|Any CPU.ActiveCfg = Debug|Any CPU
		{52313046-E30C-4ABD-B1B4-1A7CB7F86D01}.Debug|Any CPU.Build.0 = Debug|Any CPU
		{52313046-E30C-4ABD-B1B4-1A7CB7F86D01}.Release|Any CPU.ActiveCfg = Release|Any CPU
		{52313046-E30C-4ABD-B1B4-1A7CB7F86D01}.Release|Any CPU.Build.0 = Release|Any CPU
		{C079E95B-FD8A-41CA-AD6F-01B2BD658B67}.Debug|Any CPU.ActiveCfg = Debug|Any CPU
		{C079E95B-FD8A-41CA-AD6F-01B2BD658B67}.Debug|Any CPU.Build.0 = Debug|Any CPU
		{C079E95B-FD8A-41CA-AD6F-01B2BD658B67}.Release|Any CPU.ActiveCfg = Release|Any CPU
		{C079E95B-FD8A-41CA-AD6F-01B2BD658B67}.Release|Any CPU.Build.0 = Release|Any CPU
	EndGlobalSection
	GlobalSection(SolutionProperties) = preSolution
		HideSolutionNode = FALSE
	EndGlobalSection
	GlobalSection(ExtensibilityGlobals) = postSolution
		SolutionGuid = {EA9A9D2F-7E20-423B-A96C-6FEC16B13EF6}
	EndGlobalSection
EndGlobal
