
Microsoft Visual Studio Solution File, Format Version 12.00
# Visual Studio Version 17
VisualStudioVersion = 17.5.33502.453
MinimumVisualStudioVersion = 10.0.40219.1
Project("{FAE04EC0-301F-11D3-BF4B-00C04F79EFBC}") = "ProgressBar", "ProgressBar\ProgressBar.csproj", "{42A6AA4C-2567-43E4-94F8-FBC19AFFB0CD}"
EndProject
Global
	GlobalSection(SolutionConfigurationPlatforms) = preSolution
		Debug|Any CPU = Debug|Any CPU
		Release|Any CPU = Release|Any CPU
	EndGlobalSection
	GlobalSection(ProjectConfigurationPlatforms) = postSolution
		{42A6AA4C-2567-43E4-94F8-FBC19AFFB0CD}.Debug|Any CPU.ActiveCfg = Debug|Any CPU
		{42A6AA4C-2567-43E4-94F8-FBC19AFFB0CD}.Debug|Any CPU.Build.0 = Debug|Any CPU
		{42A6AA4C-2567-43E4-94F8-FBC19AFFB0CD}.Release|Any CPU.ActiveCfg = Release|Any CPU
		{42A6AA4C-2567-43E4-94F8-FBC19AFFB0CD}.Release|Any CPU.Build.0 = Release|Any CPU
	EndGlobalSection
	GlobalSection(SolutionProperties) = preSolution
		HideSolutionNode = FALSE
	EndGlobalSection
	GlobalSection(ExtensibilityGlobals) = postSolution
		SolutionGuid = {A8705EC3-DE89-41B7-A9E1-EF011B61863E}
	EndGlobalSection
EndGlobal
